{
  "version": 4,
  "terraform_version": "1.3.4",
  "serial": 574,
  "lineage": "923b7198-a4ca-3271-ed75-097af898f7ad",
  "outputs": {
    "db_name": {
      "value": "mydb",
      "type": "string"
    },
    "db_pass": {
      "value": "foobarbaz",
      "type": "string"
    },
    "db_port": {
      "value": 3306,
      "type": "number"
    },
    "db_server": {
      "value": "terraform-20221120100155832500000002.cnbztrq9ivjd.eu-central-1.rds.amazonaws.com",
      "type": "string"
    },
    "db_user": {
      "value": "foo",
      "type": "string"
    },
    "eip_instance_dns": {
      "value": "ec2-18-184-61-248.eu-central-1.compute.amazonaws.com",
      "type": "string"
    },
    "eip_instance_ip_addr": {
      "value": "18.184.61.248",
      "type": "string"
    }
  },
  "resources": [
    {
      "mode": "managed",
      "type": "aws_db_instance",
      "name": "database",
      "provider": "provider[\"registry.terraform.io/hashicorp/aws\"]",
      "instances": [
        {
          "schema_version": 1,
          "attributes": {
            "address": "terraform-20221120100155832500000002.cnbztrq9ivjd.eu-central-1.rds.amazonaws.com",
            "allocated_storage": 10,
            "allow_major_version_upgrade": null,
            "apply_immediately": null,
            "arn": "arn:aws:rds:eu-central-1:483998710292:db:terraform-20221120100155832500000002",
            "auto_minor_version_upgrade": true,
            "availability_zone": "eu-central-1a",
            "backup_retention_period": 0,
            "backup_window": "21:38-22:08",
            "ca_cert_identifier": "rds-ca-2019",
            "character_set_name": "",
            "copy_tags_to_snapshot": false,
            "custom_iam_instance_profile": "",
            "customer_owned_ip_enabled": false,
            "db_name": "mydb",
            "db_subnet_group_name": "rdsmain-private",
            "delete_automated_backups": true,
            "deletion_protection": false,
            "domain": "",
            "domain_iam_role_name": "",
            "enabled_cloudwatch_logs_exports": null,
            "endpoint": "terraform-20221120100155832500000002.cnbztrq9ivjd.eu-central-1.rds.amazonaws.com:3306",
            "engine": "mysql",
            "engine_version": "8.0.31",
            "engine_version_actual": "8.0.31",
            "final_snapshot_identifier": null,
            "hosted_zone_id": "Z1RLNUO7B9Q6NB",
            "iam_database_authentication_enabled": false,
            "id": "terraform-20221120100155832500000002",
            "identifier": "terraform-20221120100155832500000002",
            "identifier_prefix": "terraform-",
            "instance_class": "db.t3.micro",
            "iops": 0,
            "kms_key_id": "",
            "latest_restorable_time": "",
            "license_model": "general-public-license",
            "maintenance_window": "thu:03:54-thu:04:24",
            "max_allocated_storage": 0,
            "monitoring_interval": 0,
            "monitoring_role_arn": "",
            "multi_az": false,
            "name": "mydb",
            "nchar_character_set_name": "",
            "network_type": "IPV4",
            "option_group_name": "default:mysql-8-0",
            "parameter_group_name": "rds-my",
            "password": "foobarbaz",
            "performance_insights_enabled": false,
            "performance_insights_kms_key_id": "",
            "performance_insights_retention_period": 0,
            "port": 3306,
            "publicly_accessible": true,
            "replica_mode": "",
            "replicas": [],
            "replicate_source_db": "",
            "resource_id": "db-ICEBVVKFDGMJXGSRYBVCV47NTA",
            "restore_to_point_in_time": [],
            "s3_import": [],
            "security_group_names": null,
            "skip_final_snapshot": true,
            "snapshot_identifier": null,
            "status": "available",
            "storage_encrypted": false,
            "storage_type": "gp2",
            "tags": null,
            "tags_all": {},
            "timeouts": null,
            "timezone": "",
            "username": "foo",
            "vpc_security_group_ids": [
              "sg-011ed518a614f6f33"
            ]
          },
          "sensitive_attributes": [],
          "private": "eyJlMmJmYjczMC1lY2FhLTExZTYtOGY4OC0zNDM2M2JjN2M0YzAiOnsiY3JlYXRlIjoyNDAwMDAwMDAwMDAwLCJkZWxldGUiOjM2MDAwMDAwMDAwMDAsInVwZGF0ZSI6NDgwMDAwMDAwMDAwMH0sInNjaGVtYV92ZXJzaW9uIjoiMSJ9",
          "dependencies": [
            "aws_db_parameter_group.default",
            "aws_db_subnet_group.my_db_subnet_group",
            "aws_internet_gateway.gw",
            "aws_security_group.phbook_sg",
            "aws_subnet.my_subnet",
            "aws_subnet.my_subnet1",
            "aws_vpc.my_vpc"
          ]
        }
      ]
    },
    {
      "mode": "managed",
      "type": "aws_db_parameter_group",
      "name": "default",
      "provider": "provider[\"registry.terraform.io/hashicorp/aws\"]",
      "instances": [
        {
          "schema_version": 0,
          "attributes": {
            "arn": "arn:aws:rds:eu-central-1:483998710292:pg:rds-my",
            "description": "Managed by Terraform",
            "family": "mysql8.0",
            "id": "rds-my",
            "name": "rds-my",
            "name_prefix": null,
            "parameter": [
              {
                "apply_method": "immediate",
                "name": "character_set_client",
                "value": "utf8"
              },
              {
                "apply_method": "immediate",
                "name": "character_set_server",
                "value": "utf8"
              }
            ],
            "tags": null,
            "tags_all": {}
          },
          "sensitive_attributes": [],
          "private": "bnVsbA=="
        }
      ]
    },
    {
      "mode": "managed",
      "type": "aws_db_subnet_group",
      "name": "my_db_subnet_group",
      "provider": "provider[\"registry.terraform.io/hashicorp/aws\"]",
      "instances": [
        {
          "schema_version": 0,
          "attributes": {
            "arn": "arn:aws:rds:eu-central-1:483998710292:subgrp:rdsmain-private",
            "description": "Private subnets for RDS instance",
            "id": "rdsmain-private",
            "name": "rdsmain-private",
            "name_prefix": "",
            "subnet_ids": [
              "subnet-03cc9a0ff960237ba",
              "subnet-06231780621983bee"
            ],
            "supported_network_types": [
              "IPV4"
            ],
            "tags": null,
            "tags_all": {}
          },
          "sensitive_attributes": [],
          "private": "bnVsbA==",
          "dependencies": [
            "aws_internet_gateway.gw",
            "aws_subnet.my_subnet",
            "aws_subnet.my_subnet1",
            "aws_vpc.my_vpc"
          ]
        }
      ]
    },
    {
      "mode": "managed",
      "type": "aws_eip",
      "name": "my_eip",
      "provider": "provider[\"registry.terraform.io/hashicorp/aws\"]",
      "instances": [
        {
          "schema_version": 0,
          "attributes": {
            "address": null,
            "allocation_id": "eipalloc-0b4cf8e0b209579bc",
            "associate_with_private_ip": "192.168.8.8",
            "association_id": "eipassoc-0a4dd32298d465341",
            "carrier_ip": "",
            "customer_owned_ip": "",
            "customer_owned_ipv4_pool": "",
            "domain": "vpc",
            "id": "eipalloc-0b4cf8e0b209579bc",
            "instance": "i-027368366d32af2fd",
            "network_border_group": "eu-central-1",
            "network_interface": "eni-0face55f8630c64ea",
            "private_dns": "ip-192-168-8-8.eu-central-1.compute.internal",
            "private_ip": "192.168.8.8",
            "public_dns": "ec2-18-184-61-248.eu-central-1.compute.amazonaws.com",
            "public_ip": "18.184.61.248",
            "public_ipv4_pool": "amazon",
            "tags": null,
            "tags_all": {},
            "timeouts": null,
            "vpc": true
          },
          "sensitive_attributes": [],
          "private": "eyJlMmJmYjczMC1lY2FhLTExZTYtOGY4OC0zNDM2M2JjN2M0YzAiOnsiZGVsZXRlIjoxODAwMDAwMDAwMDAsInJlYWQiOjkwMDAwMDAwMDAwMCwidXBkYXRlIjozMDAwMDAwMDAwMDB9fQ==",
          "dependencies": [
            "aws_db_instance.database",
            "aws_db_parameter_group.default",
            "aws_db_subnet_group.my_db_subnet_group",
            "aws_instance.phonebook_instance",
            "aws_internet_gateway.gw",
            "aws_network_interface.my_network_interface",
            "aws_security_group.phbook_sg",
            "aws_subnet.my_subnet",
            "aws_subnet.my_subnet1",
            "aws_vpc.my_vpc"
          ]
        }
      ]
    },
    {
      "mode": "managed",
      "type": "aws_instance",
      "name": "phonebook_instance",
      "provider": "provider[\"registry.terraform.io/hashicorp/aws\"]",
      "instances": [
        {
          "schema_version": 1,
          "attributes": {
            "ami": "ami-070b208e993b59cea",
            "arn": "arn:aws:ec2:eu-central-1:483998710292:instance/i-027368366d32af2fd",
            "associate_public_ip_address": true,
            "availability_zone": "eu-central-1a",
            "capacity_reservation_specification": [
              {
                "capacity_reservation_preference": "open",
                "capacity_reservation_target": []
              }
            ],
            "cpu_core_count": 1,
            "cpu_threads_per_core": 1,
            "credit_specification": [
              {
                "cpu_credits": "standard"
              }
            ],
            "disable_api_stop": false,
            "disable_api_termination": false,
            "ebs_block_device": [],
            "ebs_optimized": false,
            "enclave_options": [
              {
                "enabled": false
              }
            ],
            "ephemeral_block_device": [],
            "get_password_data": false,
            "hibernation": false,
            "host_id": null,
            "host_resource_group_arn": null,
            "iam_instance_profile": "",
            "id": "i-027368366d32af2fd",
            "instance_initiated_shutdown_behavior": "stop",
            "instance_state": "running",
            "instance_type": "t2.micro",
            "ipv6_address_count": 0,
            "ipv6_addresses": [],
            "key_name": "my_ssh_key",
            "launch_template": [],
            "maintenance_options": [
              {
                "auto_recovery": "default"
              }
            ],
            "metadata_options": [
              {
                "http_endpoint": "enabled",
                "http_put_response_hop_limit": 1,
                "http_tokens": "optional",
                "instance_metadata_tags": "disabled"
              }
            ],
            "monitoring": false,
            "network_interface": [
              {
                "delete_on_termination": false,
                "device_index": 0,
                "network_card_index": 0,
                "network_interface_id": "eni-0face55f8630c64ea"
              }
            ],
            "outpost_arn": "",
            "password_data": "",
            "placement_group": "",
            "placement_partition_number": null,
            "primary_network_interface_id": "eni-0face55f8630c64ea",
            "private_dns": "ip-192-168-8-8.eu-central-1.compute.internal",
            "private_dns_name_options": [
              {
                "enable_resource_name_dns_a_record": false,
                "enable_resource_name_dns_aaaa_record": false,
                "hostname_type": "ip-name"
              }
            ],
            "private_ip": "192.168.8.8",
            "public_dns": "ec2-3-68-219-245.eu-central-1.compute.amazonaws.com",
            "public_ip": "3.68.219.245",
            "root_block_device": [
              {
                "delete_on_termination": true,
                "device_name": "/dev/xvda",
                "encrypted": false,
                "iops": 100,
                "kms_key_id": "",
                "tags": {},
                "throughput": 0,
                "volume_id": "vol-0163dc4377a2a116a",
                "volume_size": 8,
                "volume_type": "gp2"
              }
            ],
            "secondary_private_ips": [],
            "security_groups": [],
            "source_dest_check": true,
            "subnet_id": "subnet-03cc9a0ff960237ba",
            "tags": {
              "Name": "Test server for lesson 33",
              "Owner": "Serhii Hordiienko"
            },
            "tags_all": {
              "Name": "Test server for lesson 33",
              "Owner": "Serhii Hordiienko"
            },
            "tenancy": "default",
            "timeouts": null,
            "user_data": "3cf8a0f07211c2737e498e3288d9df3077dc74e0",
            "user_data_base64": null,
            "user_data_replace_on_change": false,
            "volume_tags": null,
            "vpc_security_group_ids": [
              "sg-011ed518a614f6f33"
            ]
          },
          "sensitive_attributes": [],
          "private": "eyJlMmJmYjczMC1lY2FhLTExZTYtOGY4OC0zNDM2M2JjN2M0YzAiOnsiY3JlYXRlIjo2MDAwMDAwMDAwMDAsImRlbGV0ZSI6MTIwMDAwMDAwMDAwMCwidXBkYXRlIjo2MDAwMDAwMDAwMDB9LCJzY2hlbWFfdmVyc2lvbiI6IjEifQ==",
          "dependencies": [
            "aws_db_instance.database",
            "aws_db_parameter_group.default",
            "aws_db_subnet_group.my_db_subnet_group",
            "aws_internet_gateway.gw",
            "aws_network_interface.my_network_interface",
            "aws_security_group.phbook_sg",
            "aws_subnet.my_subnet",
            "aws_subnet.my_subnet1",
            "aws_vpc.my_vpc"
          ]
        }
      ]
    },
    {
      "mode": "managed",
      "type": "aws_internet_gateway",
      "name": "gw",
      "provider": "provider[\"registry.terraform.io/hashicorp/aws\"]",
      "instances": [
        {
          "schema_version": 0,
          "attributes": {
            "arn": "arn:aws:ec2:eu-central-1:483998710292:internet-gateway/igw-03bcda1a6760b2520",
            "id": "igw-03bcda1a6760b2520",
            "owner_id": "483998710292",
            "tags": {
              "Name": "lesson33"
            },
            "tags_all": {
              "Name": "lesson33"
            },
            "timeouts": null,
            "vpc_id": "vpc-073b24e3e8890027b"
          },
          "sensitive_attributes": [],
          "private": "eyJlMmJmYjczMC1lY2FhLTExZTYtOGY4OC0zNDM2M2JjN2M0YzAiOnsiY3JlYXRlIjoxMjAwMDAwMDAwMDAwLCJkZWxldGUiOjEyMDAwMDAwMDAwMDAsInVwZGF0ZSI6MTIwMDAwMDAwMDAwMH19",
          "dependencies": [
            "aws_vpc.my_vpc"
          ]
        }
      ]
    },
    {
      "mode": "managed",
      "type": "aws_key_pair",
      "name": "my_keypair",
      "provider": "provider[\"registry.terraform.io/hashicorp/aws\"]",
      "instances": [
        {
          "schema_version": 1,
          "attributes": {
            "arn": "arn:aws:ec2:eu-central-1:483998710292:key-pair/my_ssh_key",
            "fingerprint": "09:32:46:83:db:cd:23:da:2b:17:ef:74:79:74:2b:3f",
            "id": "my_ssh_key",
            "key_name": "my_ssh_key",
            "key_name_prefix": "",
            "key_pair_id": "key-03026463686c8b4ec",
            "key_type": "rsa",
            "public_key": "ssh-rsa AAAAB3NzaC1yc2EAAAADAQABAAABgQDCCjzh010GMgcHJhhAcDjPgZM/RgPzsGSC3K5QHgkarT8DvflJP+sNF8z1DAHkD08k27o8hLSND3IZidzP8basEcWwzWhiBH8sEgK3hsMPAC818q7Gn86kklhq/4JnR6v5T+CDyyqVEW0Usq7Fd2m92xcu5jD4Baz8i0T+khyugBLgwUZdngAWgyVmlAQeu6aFjY7I4n+VUG37U+byU9dOTG2TeMjut/gP5w19aVKiGKfPOb3oSm1bYJM+HbvUTJSWaPFciLbTnavrzI74LOrOR8W5Y+egru67cmQJQ3Y+oKBHkyIh+fjeDjNARJVXnCPTmRYUXZ0zlsfafEDRIv8kJuyKGEk6KElh8pPlfd0/X+f9sPult6nBc/e9Gcov/3bAZnwRqKPSUZUtmZNMvRKfzyL4Uy3i96LZTBkYSjT39i6N+9Da7P+zB8jgFvMKlmWZVxkQEJBLVyQ1sFpEkLI5xi8TiQlzkoWsI0WCERNmzDZnAanNXKzlp9POV7a7sQc= phrippy@ford",
            "tags": null,
            "tags_all": {}
          },
          "sensitive_attributes": [],
          "private": "eyJzY2hlbWFfdmVyc2lvbiI6IjEifQ=="
        }
      ]
    },
    {
      "mode": "managed",
      "type": "aws_network_interface",
      "name": "my_network_interface",
      "provider": "provider[\"registry.terraform.io/hashicorp/aws\"]",
      "instances": [
        {
          "schema_version": 0,
          "attributes": {
            "arn": "arn:aws:ec2:eu-central-1:483998710292:network-interface/eni-0face55f8630c64ea",
            "attachment": [],
            "description": "",
            "id": "eni-0face55f8630c64ea",
            "interface_type": "interface",
            "ipv4_prefix_count": 0,
            "ipv4_prefixes": [],
            "ipv6_address_count": 0,
            "ipv6_address_list": [],
            "ipv6_address_list_enabled": false,
            "ipv6_addresses": [],
            "ipv6_prefix_count": 0,
            "ipv6_prefixes": [],
            "mac_address": "02:37:46:8c:5f:ba",
            "outpost_arn": "",
            "owner_id": "483998710292",
            "private_dns_name": "ip-192-168-8-8.eu-central-1.compute.internal",
            "private_ip": "192.168.8.8",
            "private_ip_list": [
              "192.168.8.8"
            ],
            "private_ip_list_enabled": false,
            "private_ips": [
              "192.168.8.8"
            ],
            "private_ips_count": 0,
            "security_groups": [
              "sg-011ed518a614f6f33"
            ],
            "source_dest_check": true,
            "subnet_id": "subnet-03cc9a0ff960237ba",
            "tags": {
              "Name": "lesson33"
            },
            "tags_all": {
              "Name": "lesson33"
            }
          },
          "sensitive_attributes": [],
          "private": "bnVsbA==",
          "dependencies": [
            "aws_internet_gateway.gw",
            "aws_security_group.phbook_sg",
            "aws_subnet.my_subnet",
            "aws_vpc.my_vpc"
          ]
        }
      ]
    },
    {
      "mode": "managed",
      "type": "aws_route_table",
      "name": "my_route_table",
      "provider": "provider[\"registry.terraform.io/hashicorp/aws\"]",
      "instances": [
        {
          "schema_version": 0,
          "attributes": {
            "arn": "arn:aws:ec2:eu-central-1:483998710292:route-table/rtb-087f70e029faa2898",
            "id": "rtb-087f70e029faa2898",
            "owner_id": "483998710292",
            "propagating_vgws": [],
            "route": [
              {
                "carrier_gateway_id": "",
                "cidr_block": "",
                "core_network_arn": "",
                "destination_prefix_list_id": "",
                "egress_only_gateway_id": "",
                "gateway_id": "igw-03bcda1a6760b2520",
                "instance_id": "",
                "ipv6_cidr_block": "::/0",
                "local_gateway_id": "",
                "nat_gateway_id": "",
                "network_interface_id": "",
                "transit_gateway_id": "",
                "vpc_endpoint_id": "",
                "vpc_peering_connection_id": ""
              },
              {
                "carrier_gateway_id": "",
                "cidr_block": "0.0.0.0/0",
                "core_network_arn": "",
                "destination_prefix_list_id": "",
                "egress_only_gateway_id": "",
                "gateway_id": "igw-03bcda1a6760b2520",
                "instance_id": "",
                "ipv6_cidr_block": "",
                "local_gateway_id": "",
                "nat_gateway_id": "",
                "network_interface_id": "",
                "transit_gateway_id": "",
                "vpc_endpoint_id": "",
                "vpc_peering_connection_id": ""
              }
            ],
            "tags": {
              "Name": "lesson33"
            },
            "tags_all": {
              "Name": "lesson33"
            },
            "timeouts": null,
            "vpc_id": "vpc-073b24e3e8890027b"
          },
          "sensitive_attributes": [],
          "private": "eyJlMmJmYjczMC1lY2FhLTExZTYtOGY4OC0zNDM2M2JjN2M0YzAiOnsiY3JlYXRlIjozMDAwMDAwMDAwMDAsImRlbGV0ZSI6MzAwMDAwMDAwMDAwLCJ1cGRhdGUiOjEyMDAwMDAwMDAwMH19",
          "dependencies": [
            "aws_internet_gateway.gw",
            "aws_vpc.my_vpc"
          ]
        }
      ]
    },
    {
      "mode": "managed",
      "type": "aws_route_table_association",
      "name": "my_route_table_association",
      "provider": "provider[\"registry.terraform.io/hashicorp/aws\"]",
      "instances": [
        {
          "schema_version": 0,
          "attributes": {
            "gateway_id": "",
            "id": "rtbassoc-05a74d0d0888b0948",
            "route_table_id": "rtb-087f70e029faa2898",
            "subnet_id": "subnet-03cc9a0ff960237ba"
          },
          "sensitive_attributes": [],
          "private": "bnVsbA==",
          "dependencies": [
            "aws_internet_gateway.gw",
            "aws_route_table.my_route_table",
            "aws_subnet.my_subnet",
            "aws_vpc.my_vpc"
          ]
        }
      ]
    },
    {
      "mode": "managed",
      "type": "aws_security_group",
      "name": "phbook_sg",
      "provider": "provider[\"registry.terraform.io/hashicorp/aws\"]",
      "instances": [
        {
          "schema_version": 1,
          "attributes": {
            "arn": "arn:aws:ec2:eu-central-1:483998710292:security-group/sg-011ed518a614f6f33",
            "description": "HTTP and SSH",
            "egress": [
              {
                "cidr_blocks": [
                  "0.0.0.0/0"
                ],
                "description": "",
                "from_port": 0,
                "ipv6_cidr_blocks": [
                  "::/0"
                ],
                "prefix_list_ids": [],
                "protocol": "-1",
                "security_groups": [],
                "self": false,
                "to_port": 0
              }
            ],
            "id": "sg-011ed518a614f6f33",
            "ingress": [
              {
                "cidr_blocks": [
                  "0.0.0.0/0"
                ],
                "description": "HTTP",
                "from_port": 80,
                "ipv6_cidr_blocks": [],
                "prefix_list_ids": [],
                "protocol": "tcp",
                "security_groups": [],
                "self": false,
                "to_port": 80
              },
              {
                "cidr_blocks": [
                  "0.0.0.0/0"
                ],
                "description": "MySQL",
                "from_port": 3306,
                "ipv6_cidr_blocks": [],
                "prefix_list_ids": [],
                "protocol": "tcp",
                "security_groups": [],
                "self": false,
                "to_port": 3306
              },
              {
                "cidr_blocks": [
                  "0.0.0.0/0"
                ],
                "description": "PING",
                "from_port": 8,
                "ipv6_cidr_blocks": [],
                "prefix_list_ids": [],
                "protocol": "icmp",
                "security_groups": [],
                "self": false,
                "to_port": 0
              },
              {
                "cidr_blocks": [
                  "0.0.0.0/0"
                ],
                "description": "SSH",
                "from_port": 22,
                "ipv6_cidr_blocks": [],
                "prefix_list_ids": [],
                "protocol": "tcp",
                "security_groups": [],
                "self": false,
                "to_port": 22
              }
            ],
            "name": "Test security group for lesson 33",
            "name_prefix": "",
            "owner_id": "483998710292",
            "revoke_rules_on_delete": false,
            "tags": null,
            "tags_all": {},
            "timeouts": null,
            "vpc_id": "vpc-073b24e3e8890027b"
          },
          "sensitive_attributes": [],
          "private": "eyJlMmJmYjczMC1lY2FhLTExZTYtOGY4OC0zNDM2M2JjN2M0YzAiOnsiY3JlYXRlIjo2MDAwMDAwMDAwMDAsImRlbGV0ZSI6OTAwMDAwMDAwMDAwfSwic2NoZW1hX3ZlcnNpb24iOiIxIn0=",
          "dependencies": [
            "aws_vpc.my_vpc"
          ]
        }
      ]
    },
    {
      "mode": "managed",
      "type": "aws_subnet",
      "name": "my_subnet",
      "provider": "provider[\"registry.terraform.io/hashicorp/aws\"]",
      "instances": [
        {
          "schema_version": 1,
          "attributes": {
            "arn": "arn:aws:ec2:eu-central-1:483998710292:subnet/subnet-03cc9a0ff960237ba",
            "assign_ipv6_address_on_creation": false,
            "availability_zone": "eu-central-1a",
            "availability_zone_id": "euc1-az2",
            "cidr_block": "192.168.8.0/24",
            "customer_owned_ipv4_pool": "",
            "enable_dns64": false,
            "enable_resource_name_dns_a_record_on_launch": false,
            "enable_resource_name_dns_aaaa_record_on_launch": false,
            "id": "subnet-03cc9a0ff960237ba",
            "ipv6_cidr_block": "",
            "ipv6_cidr_block_association_id": "",
            "ipv6_native": false,
            "map_customer_owned_ip_on_launch": false,
            "map_public_ip_on_launch": true,
            "outpost_arn": "",
            "owner_id": "483998710292",
            "private_dns_hostname_type_on_launch": "ip-name",
            "tags": {
              "Name": "lesson33"
            },
            "tags_all": {
              "Name": "lesson33"
            },
            "timeouts": null,
            "vpc_id": "vpc-073b24e3e8890027b"
          },
          "sensitive_attributes": [],
          "private": "eyJlMmJmYjczMC1lY2FhLTExZTYtOGY4OC0zNDM2M2JjN2M0YzAiOnsiY3JlYXRlIjo2MDAwMDAwMDAwMDAsImRlbGV0ZSI6MTIwMDAwMDAwMDAwMH0sInNjaGVtYV92ZXJzaW9uIjoiMSJ9",
          "dependencies": [
            "aws_internet_gateway.gw",
            "aws_vpc.my_vpc"
          ]
        }
      ]
    },
    {
      "mode": "managed",
      "type": "aws_subnet",
      "name": "my_subnet1",
      "provider": "provider[\"registry.terraform.io/hashicorp/aws\"]",
      "instances": [
        {
          "schema_version": 1,
          "attributes": {
            "arn": "arn:aws:ec2:eu-central-1:483998710292:subnet/subnet-06231780621983bee",
            "assign_ipv6_address_on_creation": false,
            "availability_zone": "eu-central-1b",
            "availability_zone_id": "euc1-az3",
            "cidr_block": "192.168.9.0/24",
            "customer_owned_ipv4_pool": "",
            "enable_dns64": false,
            "enable_resource_name_dns_a_record_on_launch": false,
            "enable_resource_name_dns_aaaa_record_on_launch": false,
            "id": "subnet-06231780621983bee",
            "ipv6_cidr_block": "",
            "ipv6_cidr_block_association_id": "",
            "ipv6_native": false,
            "map_customer_owned_ip_on_launch": false,
            "map_public_ip_on_launch": true,
            "outpost_arn": "",
            "owner_id": "483998710292",
            "private_dns_hostname_type_on_launch": "ip-name",
            "tags": {
              "Name": "lesson33"
            },
            "tags_all": {
              "Name": "lesson33"
            },
            "timeouts": null,
            "vpc_id": "vpc-073b24e3e8890027b"
          },
          "sensitive_attributes": [],
          "private": "eyJlMmJmYjczMC1lY2FhLTExZTYtOGY4OC0zNDM2M2JjN2M0YzAiOnsiY3JlYXRlIjo2MDAwMDAwMDAwMDAsImRlbGV0ZSI6MTIwMDAwMDAwMDAwMH0sInNjaGVtYV92ZXJzaW9uIjoiMSJ9",
          "dependencies": [
            "aws_internet_gateway.gw",
            "aws_vpc.my_vpc"
          ]
        }
      ]
    },
    {
      "mode": "managed",
      "type": "aws_vpc",
      "name": "my_vpc",
      "provider": "provider[\"registry.terraform.io/hashicorp/aws\"]",
      "instances": [
        {
          "schema_version": 1,
          "attributes": {
            "arn": "arn:aws:ec2:eu-central-1:483998710292:vpc/vpc-073b24e3e8890027b",
            "assign_generated_ipv6_cidr_block": false,
            "cidr_block": "192.168.0.0/16",
            "default_network_acl_id": "acl-0c0c70e7291516f7a",
            "default_route_table_id": "rtb-0414b6d8368c38784",
            "default_security_group_id": "sg-021865b2e6c4fea61",
            "dhcp_options_id": "dopt-0a0d0c558f377b6d4",
            "enable_classiclink": false,
            "enable_classiclink_dns_support": false,
            "enable_dns_hostnames": true,
            "enable_dns_support": true,
            "enable_network_address_usage_metrics": false,
            "id": "vpc-073b24e3e8890027b",
            "instance_tenancy": "default",
            "ipv4_ipam_pool_id": null,
            "ipv4_netmask_length": null,
            "ipv6_association_id": "",
            "ipv6_cidr_block": "",
            "ipv6_cidr_block_network_border_group": "",
            "ipv6_ipam_pool_id": "",
            "ipv6_netmask_length": 0,
            "main_route_table_id": "rtb-0414b6d8368c38784",
            "owner_id": "483998710292",
            "tags": {
              "Name": "lesson33"
            },
            "tags_all": {
              "Name": "lesson33"
            }
          },
          "sensitive_attributes": [],
          "private": "eyJzY2hlbWFfdmVyc2lvbiI6IjEifQ=="
        }
      ]
    }
  ],
  "check_results": null
}
