{
  "version": 4,
  "terraform_version": "1.3.4",
  "serial": 93,
  "lineage": "cccc1689-816d-63ab-15e0-be19408f67d4",
  "outputs": {
    "instance_dns": {
      "value": "ec2-3-75-175-240.eu-central-1.compute.amazonaws.com",
      "type": "string"
    },
    "instance_ip_addr": {
      "value": "3.75.175.240",
      "type": "string"
    }
  },
  "resources": [
    {
      "mode": "managed",
      "type": "aws_instance",
      "name": "phonebook_instance",
      "provider": "provider[\"registry.terraform.io/hashicorp/aws\"]",
      "instances": [
        {
          "schema_version": 1,
          "attributes": {
            "ami": "ami-070b208e993b59cea",
            "arn": "arn:aws:ec2:eu-central-1:483998710292:instance/i-07dc5c45f4de589f4",
            "associate_public_ip_address": true,
            "availability_zone": "eu-central-1b",
            "capacity_reservation_specification": [
              {
                "capacity_reservation_preference": "open",
                "capacity_reservation_target": []
              }
            ],
            "cpu_core_count": 1,
            "cpu_threads_per_core": 1,
            "credit_specification": [
              {
                "cpu_credits": "standard"
              }
            ],
            "disable_api_stop": false,
            "disable_api_termination": false,
            "ebs_block_device": [],
            "ebs_optimized": false,
            "enclave_options": [
              {
                "enabled": false
              }
            ],
            "ephemeral_block_device": [],
            "get_password_data": false,
            "hibernation": false,
            "host_id": null,
            "host_resource_group_arn": null,
            "iam_instance_profile": "",
            "id": "i-07dc5c45f4de589f4",
            "instance_initiated_shutdown_behavior": "stop",
            "instance_state": "running",
            "instance_type": "t2.micro",
            "ipv6_address_count": 0,
            "ipv6_addresses": [],
            "key_name": "my_ssh_key",
            "launch_template": [],
            "maintenance_options": [
              {
                "auto_recovery": "default"
              }
            ],
            "metadata_options": [
              {
                "http_endpoint": "enabled",
                "http_put_response_hop_limit": 1,
                "http_tokens": "optional",
                "instance_metadata_tags": "disabled"
              }
            ],
            "monitoring": false,
            "network_interface": [],
            "outpost_arn": "",
            "password_data": "",
            "placement_group": "",
            "placement_partition_number": null,
            "primary_network_interface_id": "eni-0fa0ffbcee19b621c",
            "private_dns": "ip-172-31-35-221.eu-central-1.compute.internal",
            "private_dns_name_options": [
              {
                "enable_resource_name_dns_a_record": false,
                "enable_resource_name_dns_aaaa_record": false,
                "hostname_type": "ip-name"
              }
            ],
            "private_ip": "172.31.35.221",
            "public_dns": "ec2-3-75-175-240.eu-central-1.compute.amazonaws.com",
            "public_ip": "3.75.175.240",
            "root_block_device": [
              {
                "delete_on_termination": true,
                "device_name": "/dev/xvda",
                "encrypted": false,
                "iops": 100,
                "kms_key_id": "",
                "tags": {},
                "throughput": 0,
                "volume_id": "vol-04e349587e71c46a4",
                "volume_size": 8,
                "volume_type": "gp2"
              }
            ],
            "secondary_private_ips": [],
            "security_groups": [
              "Test security group for lesson 33"
            ],
            "source_dest_check": true,
            "subnet_id": "subnet-06d4bf0b9a326d0c2",
            "tags": {
              "Name": "Test server for lesson 33",
              "Owner": "Serhii Hordiienko"
            },
            "tags_all": {
              "Name": "Test server for lesson 33",
              "Owner": "Serhii Hordiienko"
            },
            "tenancy": "default",
            "timeouts": null,
            "user_data": "18d476c869a101baff366d66f8c3cb95ded49302",
            "user_data_base64": null,
            "user_data_replace_on_change": false,
            "volume_tags": null,
            "vpc_security_group_ids": [
              "sg-0c721cade50e3c5f8"
            ]
          },
          "sensitive_attributes": [],
          "private": "eyJlMmJmYjczMC1lY2FhLTExZTYtOGY4OC0zNDM2M2JjN2M0YzAiOnsiY3JlYXRlIjo2MDAwMDAwMDAwMDAsImRlbGV0ZSI6MTIwMDAwMDAwMDAwMCwidXBkYXRlIjo2MDAwMDAwMDAwMDB9LCJzY2hlbWFfdmVyc2lvbiI6IjEifQ==",
          "dependencies": [
            "aws_security_group.phbook_sg"
          ]
        }
      ]
    },
    {
      "mode": "managed",
      "type": "aws_key_pair",
      "name": "my_keypair",
      "provider": "provider[\"registry.terraform.io/hashicorp/aws\"]",
      "instances": [
        {
          "schema_version": 1,
          "attributes": {
            "arn": "arn:aws:ec2:eu-central-1:483998710292:key-pair/my_ssh_key",
            "fingerprint": "09:32:46:83:db:cd:23:da:2b:17:ef:74:79:74:2b:3f",
            "id": "my_ssh_key",
            "key_name": "my_ssh_key",
            "key_name_prefix": "",
            "key_pair_id": "key-067af9d4a2fc53698",
            "key_type": "rsa",
            "public_key": "ssh-rsa AAAAB3NzaC1yc2EAAAADAQABAAABgQDCCjzh010GMgcHJhhAcDjPgZM/RgPzsGSC3K5QHgkarT8DvflJP+sNF8z1DAHkD08k27o8hLSND3IZidzP8basEcWwzWhiBH8sEgK3hsMPAC818q7Gn86kklhq/4JnR6v5T+CDyyqVEW0Usq7Fd2m92xcu5jD4Baz8i0T+khyugBLgwUZdngAWgyVmlAQeu6aFjY7I4n+VUG37U+byU9dOTG2TeMjut/gP5w19aVKiGKfPOb3oSm1bYJM+HbvUTJSWaPFciLbTnavrzI74LOrOR8W5Y+egru67cmQJQ3Y+oKBHkyIh+fjeDjNARJVXnCPTmRYUXZ0zlsfafEDRIv8kJuyKGEk6KElh8pPlfd0/X+f9sPult6nBc/e9Gcov/3bAZnwRqKPSUZUtmZNMvRKfzyL4Uy3i96LZTBkYSjT39i6N+9Da7P+zB8jgFvMKlmWZVxkQEJBLVyQ1sFpEkLI5xi8TiQlzkoWsI0WCERNmzDZnAanNXKzlp9POV7a7sQc= phrippy@ford",
            "tags": {},
            "tags_all": {}
          },
          "sensitive_attributes": [],
          "private": "eyJzY2hlbWFfdmVyc2lvbiI6IjEifQ=="
        }
      ]
    },
    {
      "mode": "managed",
      "type": "aws_security_group",
      "name": "phbook_sg",
      "provider": "provider[\"registry.terraform.io/hashicorp/aws\"]",
      "instances": [
        {
          "schema_version": 1,
          "attributes": {
            "arn": "arn:aws:ec2:eu-central-1:483998710292:security-group/sg-0c721cade50e3c5f8",
            "description": "HTTP and SSH",
            "egress": [
              {
                "cidr_blocks": [
                  "0.0.0.0/0"
                ],
                "description": "",
                "from_port": 0,
                "ipv6_cidr_blocks": [
                  "::/0"
                ],
                "prefix_list_ids": [],
                "protocol": "-1",
                "security_groups": [],
                "self": false,
                "to_port": 0
              }
            ],
            "id": "sg-0c721cade50e3c5f8",
            "ingress": [
              {
                "cidr_blocks": [
                  "0.0.0.0/0"
                ],
                "description": "",
                "from_port": 8,
                "ipv6_cidr_blocks": [],
                "prefix_list_ids": [],
                "protocol": "icmp",
                "security_groups": [],
                "self": false,
                "to_port": 0
              },
              {
                "cidr_blocks": [
                  "0.0.0.0/0"
                ],
                "description": "HTTP",
                "from_port": 80,
                "ipv6_cidr_blocks": [],
                "prefix_list_ids": [],
                "protocol": "tcp",
                "security_groups": [],
                "self": false,
                "to_port": 80
              },
              {
                "cidr_blocks": [
                  "0.0.0.0/0"
                ],
                "description": "SSH",
                "from_port": 22,
                "ipv6_cidr_blocks": [],
                "prefix_list_ids": [],
                "protocol": "tcp",
                "security_groups": [],
                "self": false,
                "to_port": 22
              }
            ],
            "name": "Test security group for lesson 33",
            "name_prefix": "",
            "owner_id": "483998710292",
            "revoke_rules_on_delete": false,
            "tags": {},
            "tags_all": {},
            "timeouts": null,
            "vpc_id": "vpc-0956fdf3114a873f1"
          },
          "sensitive_attributes": [],
          "private": "eyJlMmJmYjczMC1lY2FhLTExZTYtOGY4OC0zNDM2M2JjN2M0YzAiOnsiY3JlYXRlIjo2MDAwMDAwMDAwMDAsImRlbGV0ZSI6OTAwMDAwMDAwMDAwfSwic2NoZW1hX3ZlcnNpb24iOiIxIn0="
        }
      ]
    }
  ],
  "check_results": null
}
