{
  "version": 4,
  "terraform_version": "1.3.4",
  "serial": 32,
  "lineage": "cccc1689-816d-63ab-15e0-be19408f67d4",
  "outputs": {},
  "resources": [
    {
      "mode": "managed",
      "type": "aws_instance",
      "name": "phonebook_instance",
      "provider": "provider[\"registry.terraform.io/hashicorp/aws\"]",
      "instances": [
        {
          "schema_version": 1,
          "attributes": {
            "ami": "ami-070b208e993b59cea",
            "arn": "arn:aws:ec2:eu-central-1:483998710292:instance/i-078ea2dabdbc0a492",
            "associate_public_ip_address": true,
            "availability_zone": "eu-central-1c",
            "capacity_reservation_specification": [
              {
                "capacity_reservation_preference": "open",
                "capacity_reservation_target": []
              }
            ],
            "cpu_core_count": 1,
            "cpu_threads_per_core": 1,
            "credit_specification": [
              {
                "cpu_credits": "standard"
              }
            ],
            "disable_api_stop": false,
            "disable_api_termination": false,
            "ebs_block_device": [],
            "ebs_optimized": false,
            "enclave_options": [
              {
                "enabled": false
              }
            ],
            "ephemeral_block_device": [],
            "get_password_data": false,
            "hibernation": false,
            "host_id": null,
            "host_resource_group_arn": null,
            "iam_instance_profile": "",
            "id": "i-078ea2dabdbc0a492",
            "instance_initiated_shutdown_behavior": "stop",
            "instance_state": "running",
            "instance_type": "t2.micro",
            "ipv6_address_count": 0,
            "ipv6_addresses": [],
            "key_name": "my_ssh_key",
            "launch_template": [],
            "maintenance_options": [
              {
                "auto_recovery": "default"
              }
            ],
            "metadata_options": [
              {
                "http_endpoint": "enabled",
                "http_put_response_hop_limit": 1,
                "http_tokens": "optional",
                "instance_metadata_tags": "disabled"
              }
            ],
            "monitoring": false,
            "network_interface": [],
            "outpost_arn": "",
            "password_data": "",
            "placement_group": "",
            "placement_partition_number": null,
            "primary_network_interface_id": "eni-0d87aa7c69327ed3d",
            "private_dns": "ip-172-31-11-143.eu-central-1.compute.internal",
            "private_dns_name_options": [
              {
                "enable_resource_name_dns_a_record": false,
                "enable_resource_name_dns_aaaa_record": false,
                "hostname_type": "ip-name"
              }
            ],
            "private_ip": "172.31.11.143",
            "public_dns": "ec2-3-123-142-103.eu-central-1.compute.amazonaws.com",
            "public_ip": "3.123.142.103",
            "root_block_device": [
              {
                "delete_on_termination": true,
                "device_name": "/dev/xvda",
                "encrypted": false,
                "iops": 100,
                "kms_key_id": "",
                "tags": {},
                "throughput": 0,
                "volume_id": "vol-0c50595bc0bf1348a",
                "volume_size": 8,
                "volume_type": "gp2"
              }
            ],
            "secondary_private_ips": [],
            "security_groups": [
              "Test security group for lesson 33"
            ],
            "source_dest_check": true,
            "subnet_id": "subnet-0720e91e40b7dc96c",
            "tags": {
              "Name": "Test server for lesson 33",
              "Owner": "Serhii Hordiienko"
            },
            "tags_all": {
              "Name": "Test server for lesson 33",
              "Owner": "Serhii Hordiienko"
            },
            "tenancy": "default",
            "timeouts": null,
            "user_data": "18d476c869a101baff366d66f8c3cb95ded49302",
            "user_data_base64": null,
            "user_data_replace_on_change": false,
            "volume_tags": null,
            "vpc_security_group_ids": [
              "sg-0d6605e9605c3f346"
            ]
          },
          "sensitive_attributes": [],
          "private": "eyJlMmJmYjczMC1lY2FhLTExZTYtOGY4OC0zNDM2M2JjN2M0YzAiOnsiY3JlYXRlIjo2MDAwMDAwMDAwMDAsImRlbGV0ZSI6MTIwMDAwMDAwMDAwMCwidXBkYXRlIjo2MDAwMDAwMDAwMDB9LCJzY2hlbWFfdmVyc2lvbiI6IjEifQ==",
          "dependencies": [
            "aws_security_group.phbook_sg"
          ]
        }
      ]
    },
    {
      "mode": "managed",
      "type": "aws_key_pair",
      "name": "my_keypair",
      "provider": "provider[\"registry.terraform.io/hashicorp/aws\"]",
      "instances": [
        {
          "schema_version": 1,
          "attributes": {
            "arn": "arn:aws:ec2:eu-central-1:483998710292:key-pair/my_ssh_key",
            "fingerprint": "6f:fd:92:34:ed:cb:b6:96:ea:48:e2:f2:5d:95:de:02",
            "id": "my_ssh_key",
            "key_name": "my_ssh_key",
            "key_name_prefix": "",
            "key_pair_id": "key-046509ffeb2ecd9b6",
            "key_type": "rsa",
            "public_key": "ssh-rsa AAAAB3NzaC1yc2EAAAADAQABAAABgQDSc4xCiYOZqJjhwm4Q0QEEd0QNgMrZWC3IZPXV0N7XI48qwkxrEwqnpTk358g70+2fUJmS5a89BiBBAxar1hJJH0Sn6FDnCBxep91/NzM4sg4JsdlfBgtMJqqnE+uFju7C4KMYx6wog3vrF2m9nx/UlFpXHXmZ7uhtD3Qbana/c3doIOWNKA/+KPIkJiSIA+X8gip0gJ0t75X4NuXvcP9gi3NBZMEjpEcnyqUW4F+RNoAXYAQHm2zjGoIEC0IKDXn2ShLWOS2JKhLD1oOn9nvs/1d0beegB8yGgCkdWESrYHvKXFdSOjjEtZyxpgIZ8QGA+/QdSEt5ifUvB0xtAKULTKOsCOQXv3I2Ra8QRxATM9ZM76KZkvPHbDM4/xYp8053rymzMN0yaAuiJ76bvtXuVuBH+aUYfuEp9s8k6sIL0jqT4+o2n5S5ecEZ5vfSbn4Ac9G0KZDIHgHjSmtklNIGJ5L0We5n1G6w38DOGEnWTxg5oFgFB3xOrNJwqh4f+ts= phrippy@archio",
            "tags": null,
            "tags_all": {}
          },
          "sensitive_attributes": [],
          "private": "eyJzY2hlbWFfdmVyc2lvbiI6IjEifQ=="
        }
      ]
    },
    {
      "mode": "managed",
      "type": "aws_security_group",
      "name": "phbook_sg",
      "provider": "provider[\"registry.terraform.io/hashicorp/aws\"]",
      "instances": [
        {
          "schema_version": 1,
          "attributes": {
            "arn": "arn:aws:ec2:eu-central-1:483998710292:security-group/sg-0d6605e9605c3f346",
            "description": "HTTP and SSH",
            "egress": [
              {
                "cidr_blocks": [
                  "0.0.0.0/0"
                ],
                "description": "",
                "from_port": 0,
                "ipv6_cidr_blocks": [
                  "::/0"
                ],
                "prefix_list_ids": [],
                "protocol": "-1",
                "security_groups": [],
                "self": false,
                "to_port": 0
              }
            ],
            "id": "sg-0d6605e9605c3f346",
            "ingress": [
              {
                "cidr_blocks": [
                  "0.0.0.0/0"
                ],
                "description": "HTTP",
                "from_port": 80,
                "ipv6_cidr_blocks": [],
                "prefix_list_ids": [],
                "protocol": "tcp",
                "security_groups": [],
                "self": false,
                "to_port": 80
              },
              {
                "cidr_blocks": [
                  "0.0.0.0/0"
                ],
                "description": "SSH",
                "from_port": 22,
                "ipv6_cidr_blocks": [],
                "prefix_list_ids": [],
                "protocol": "tcp",
                "security_groups": [],
                "self": false,
                "to_port": 22
              }
            ],
            "name": "Test security group for lesson 33",
            "name_prefix": "",
            "owner_id": "483998710292",
            "revoke_rules_on_delete": false,
            "tags": null,
            "tags_all": {},
            "timeouts": null,
            "vpc_id": "vpc-0956fdf3114a873f1"
          },
          "sensitive_attributes": [],
          "private": "eyJlMmJmYjczMC1lY2FhLTExZTYtOGY4OC0zNDM2M2JjN2M0YzAiOnsiY3JlYXRlIjo2MDAwMDAwMDAwMDAsImRlbGV0ZSI6OTAwMDAwMDAwMDAwfSwic2NoZW1hX3ZlcnNpb24iOiIxIn0="
        }
      ]
    }
  ],
  "check_results": null
}
